
Microsoft Visual Studio Solution File, Format Version 12.00
# Visual Studio Version 17
VisualStudioVersion = 17.14.36212.18 d17.14
MinimumVisualStudioVersion = 10.0.40219.1
Project("{FAE04EC0-301F-11D3-BF4B-00C04F79EFBC}") = "OmahRealEstate.Web", "OmahRealEstate.Web\OmahRealEstate.Web.csproj", "{79668ADD-B07A-49BB-8ADF-F2291FF7C701}"
EndProject
Global
	GlobalSection(SolutionConfigurationPlatforms) = preSolution
		Debug|Any CPU = Debug|Any CPU
		Release|Any CPU = Release|Any CPU
	EndGlobalSection
	GlobalSection(ProjectConfigurationPlatforms) = postSolution
		{79668ADD-B07A-49BB-8ADF-F2291FF7C701}.Debug|Any CPU.ActiveCfg = Debug|Any CPU
		{79668ADD-B07A-49BB-8ADF-F2291FF7C701}.Debug|Any CPU.Build.0 = Debug|Any CPU
		{79668ADD-B07A-49BB-8ADF-F2291FF7C701}.Release|Any CPU.ActiveCfg = Release|Any CPU
		{79668ADD-B07A-49BB-8ADF-F2291FF7C701}.Release|Any CPU.Build.0 = Release|Any CPU
	EndGlobalSection
	GlobalSection(SolutionProperties) = preSolution
		HideSolutionNode = FALSE
	EndGlobalSection
	GlobalSection(ExtensibilityGlobals) = postSolution
		SolutionGuid = {0C18ED4D-AC8B-4976-91AC-3CC6B6271E91}
	EndGlobalSection
EndGlobal
